
Microsoft Visual Studio Solution File, Format Version 12.00
# Visual Studio Version 17
VisualStudioVersion = 17.0.31903.59
MinimumVisualStudioVersion = 10.0.40219.1
Project("{2150E333-8FDC-42A3-9474-1A3956D46DE8}") = "src", "src", "{827E0CD3-B72D-47B6-A68D-7590B98EB39B}"
EndProject
Project("{FAE04EC0-301F-11D3-BF4B-00C04F79EFBC}") = "TenderHack.Domain", "src\TenderHack.Domain\TenderHack.Domain.csproj", "{A50E2FFC-DE3F-4747-BB04-1F36BCE65BFF}"
EndProject
Project("{FAE04EC0-301F-11D3-BF4B-00C04F79EFBC}") = "TenderHack.Application", "src\TenderHack.Application\TenderHack.Application.csproj", "{93F027E6-E7D4-4A7B-8CF3-E246E0808CB3}"
EndProject
Project("{FAE04EC0-301F-11D3-BF4B-00C04F79EFBC}") = "TenderHack.Infrastructure", "src\TenderHack.Infrastructure\TenderHack.Infrastructure.csproj", "{545DAD4F-A3FF-48C3-B925-F9741682C2DF}"
EndProject
Project("{FAE04EC0-301F-11D3-BF4B-00C04F79EFBC}") = "TenderHack.Api", "src\TenderHack.Api\TenderHack.Api.csproj", "{0C652D54-7D76-44F0-A9A1-746205F6B44C}"
EndProject
Project("{FAE04EC0-301F-11D3-BF4B-00C04F79EFBC}") = "TenderHack.Worker", "src\TenderHack.Worker\TenderHack.Worker.csproj", "{0EEBCB16-54E3-4E4B-952A-0A71C34AE57A}"
EndProject
Project("{2150E333-8FDC-42A3-9474-1A3956D46DE8}") = "tests", "tests", "{0AB3BF05-4346-4AA6-1389-037BE0695223}"
EndProject
Project("{FAE04EC0-301F-11D3-BF4B-00C04F79EFBC}") = "TenderHack.Domain.Tests", "tests\TenderHack.Domain.Tests\TenderHack.Domain.Tests.csproj", "{318A344C-CF76-4BA1-A0C2-9D153B17F207}"
EndProject
Project("{FAE04EC0-301F-11D3-BF4B-00C04F79EFBC}") = "TenderHack.Application.Tests", "tests\TenderHack.Application.Tests\TenderHack.Application.Tests.csproj", "{F6FBD4C7-9CAA-47C8-AD06-A3B64A79CCBE}"
EndProject
Project("{FAE04EC0-301F-11D3-BF4B-00C04F79EFBC}") = "TenderHack.Contract.Tests", "tests\TenderHack.Contract.Tests\TenderHack.Contract.Tests.csproj", "{67366096-C731-4E44-A9BA-891E3B15DA48}"
EndProject
Global
	GlobalSection(SolutionConfigurationPlatforms) = preSolution
		Debug|Any CPU = Debug|Any CPU
		Debug|x64 = Debug|x64
		Debug|x86 = Debug|x86
		Release|Any CPU = Release|Any CPU
		Release|x64 = Release|x64
		Release|x86 = Release|x86
	EndGlobalSection
	GlobalSection(ProjectConfigurationPlatforms) = postSolution
		{A50E2FFC-DE3F-4747-BB04-1F36BCE65BFF}.Debug|Any CPU.ActiveCfg = Debug|Any CPU
		{A50E2FFC-DE3F-4747-BB04-1F36BCE65BFF}.Debug|Any CPU.Build.0 = Debug|Any CPU
		{A50E2FFC-DE3F-4747-BB04-1F36BCE65BFF}.Debug|x64.ActiveCfg = Debug|Any CPU
		{A50E2FFC-DE3F-4747-BB04-1F36BCE65BFF}.Debug|x64.Build.0 = Debug|Any CPU
		{A50E2FFC-DE3F-4747-BB04-1F36BCE65BFF}.Debug|x86.ActiveCfg = Debug|Any CPU
		{A50E2FFC-DE3F-4747-BB04-1F36BCE65BFF}.Debug|x86.Build.0 = Debug|Any CPU
		{A50E2FFC-DE3F-4747-BB04-1F36BCE65BFF}.Release|Any CPU.ActiveCfg = Release|Any CPU
		{A50E2FFC-DE3F-4747-BB04-1F36BCE65BFF}.Release|Any CPU.Build.0 = Release|Any CPU
		{A50E2FFC-DE3F-4747-BB04-1F36BCE65BFF}.Release|x64.ActiveCfg = Release|Any CPU
		{A50E2FFC-DE3F-4747-BB04-1F36BCE65BFF}.Release|x64.Build.0 = Release|Any CPU
		{A50E2FFC-DE3F-4747-BB04-1F36BCE65BFF}.Release|x86.ActiveCfg = Release|Any CPU
		{A50E2FFC-DE3F-4747-BB04-1F36BCE65BFF}.Release|x86.Build.0 = Release|Any CPU
		{93F027E6-E7D4-4A7B-8CF3-E246E0808CB3}.Debug|Any CPU.ActiveCfg = Debug|Any CPU
		{93F027E6-E7D4-4A7B-8CF3-E246E0808CB3}.Debug|Any CPU.Build.0 = Debug|Any CPU
		{93F027E6-E7D4-4A7B-8CF3-E246E0808CB3}.Debug|x64.ActiveCfg = Debug|Any CPU
		{93F027E6-E7D4-4A7B-8CF3-E246E0808CB3}.Debug|x64.Build.0 = Debug|Any CPU
		{93F027E6-E7D4-4A7B-8CF3-E246E0808CB3}.Debug|x86.ActiveCfg = Debug|Any CPU
		{93F027E6-E7D4-4A7B-8CF3-E246E0808CB3}.Debug|x86.Build.0 = Debug|Any CPU
		{93F027E6-E7D4-4A7B-8CF3-E246E0808CB3}.Release|Any CPU.ActiveCfg = Release|Any CPU
		{93F027E6-E7D4-4A7B-8CF3-E246E0808CB3}.Release|Any CPU.Build.0 = Release|Any CPU
		{93F027E6-E7D4-4A7B-8CF3-E246E0808CB3}.Release|x64.ActiveCfg = Release|Any CPU
		{93F027E6-E7D4-4A7B-8CF3-E246E0808CB3}.Release|x64.Build.0 = Release|Any CPU
		{93F027E6-E7D4-4A7B-8CF3-E246E0808CB3}.Release|x86.ActiveCfg = Release|Any CPU
		{93F027E6-E7D4-4A7B-8CF3-E246E0808CB3}.Release|x86.Build.0 = Release|Any CPU
		{545DAD4F-A3FF-48C3-B925-F9741682C2DF}.Debug|Any CPU.ActiveCfg = Debug|Any CPU
		{545DAD4F-A3FF-48C3-B925-F9741682C2DF}.Debug|Any CPU.Build.0 = Debug|Any CPU
		{545DAD4F-A3FF-48C3-B925-F9741682C2DF}.Debug|x64.ActiveCfg = Debug|Any CPU
		{545DAD4F-A3FF-48C3-B925-F9741682C2DF}.Debug|x64.Build.0 = Debug|Any CPU
		{545DAD4F-A3FF-48C3-B925-F9741682C2DF}.Debug|x86.ActiveCfg = Debug|Any CPU
		{545DAD4F-A3FF-48C3-B925-F9741682C2DF}.Debug|x86.Build.0 = Debug|Any CPU
		{545DAD4F-A3FF-48C3-B925-F9741682C2DF}.Release|Any CPU.ActiveCfg = Release|Any CPU
		{545DAD4F-A3FF-48C3-B925-F9741682C2DF}.Release|Any CPU.Build.0 = Release|Any CPU
		{545DAD4F-A3FF-48C3-B925-F9741682C2DF}.Release|x64.ActiveCfg = Release|Any CPU
		{545DAD4F-A3FF-48C3-B925-F9741682C2DF}.Release|x64.Build.0 = Release|Any CPU
		{545DAD4F-A3FF-48C3-B925-F9741682C2DF}.Release|x86.ActiveCfg = Release|Any CPU
		{545DAD4F-A3FF-48C3-B925-F9741682C2DF}.Release|x86.Build.0 = Release|Any CPU
		{0C652D54-7D76-44F0-A9A1-746205F6B44C}.Debug|Any CPU.ActiveCfg = Debug|Any CPU
		{0C652D54-7D76-44F0-A9A1-746205F6B44C}.Debug|Any CPU.Build.0 = Debug|Any CPU
		{0C652D54-7D76-44F0-A9A1-746205F6B44C}.Debug|x64.ActiveCfg = Debug|Any CPU
		{0C652D54-7D76-44F0-A9A1-746205F6B44C}.Debug|x64.Build.0 = Debug|Any CPU
		{0C652D54-7D76-44F0-A9A1-746205F6B44C}.Debug|x86.ActiveCfg = Debug|Any CPU
		{0C652D54-7D76-44F0-A9A1-746205F6B44C}.Debug|x86.Build.0 = Debug|Any CPU
		{0C652D54-7D76-44F0-A9A1-746205F6B44C}.Release|Any CPU.ActiveCfg = Release|Any CPU
		{0C652D54-7D76-44F0-A9A1-746205F6B44C}.Release|Any CPU.Build.0 = Release|Any CPU
		{0C652D54-7D76-44F0-A9A1-746205F6B44C}.Release|x64.ActiveCfg = Release|Any CPU
		{0C652D54-7D76-44F0-A9A1-746205F6B44C}.Release|x64.Build.0 = Release|Any CPU
		{0C652D54-7D76-44F0-A9A1-746205F6B44C}.Release|x86.ActiveCfg = Release|Any CPU
		{0C652D54-7D76-44F0-A9A1-746205F6B44C}.Release|x86.Build.0 = Release|Any CPU
		{0EEBCB16-54E3-4E4B-952A-0A71C34AE57A}.Debug|Any CPU.ActiveCfg = Debug|Any CPU
		{0EEBCB16-54E3-4E4B-952A-0A71C34AE57A}.Debug|Any CPU.Build.0 = Debug|Any CPU
		{0EEBCB16-54E3-4E4B-952A-0A71C34AE57A}.Debug|x64.ActiveCfg = Debug|Any CPU
		{0EEBCB16-54E3-4E4B-952A-0A71C34AE57A}.Debug|x64.Build.0 = Debug|Any CPU
		{0EEBCB16-54E3-4E4B-952A-0A71C34AE57A}.Debug|x86.ActiveCfg = Debug|Any CPU
		{0EEBCB16-54E3-4E4B-952A-0A71C34AE57A}.Debug|x86.Build.0 = Debug|Any CPU
		{0EEBCB16-54E3-4E4B-952A-0A71C34AE57A}.Release|Any CPU.ActiveCfg = Release|Any CPU
		{0EEBCB16-54E3-4E4B-952A-0A71C34AE57A}.Release|Any CPU.Build.0 = Release|Any CPU
		{0EEBCB16-54E3-4E4B-952A-0A71C34AE57A}.Release|x64.ActiveCfg = Release|Any CPU
		{0EEBCB16-54E3-4E4B-952A-0A71C34AE57A}.Release|x64.Build.0 = Release|Any CPU
		{0EEBCB16-54E3-4E4B-952A-0A71C34AE57A}.Release|x86.ActiveCfg = Release|Any CPU
		{0EEBCB16-54E3-4E4B-952A-0A71C34AE57A}.Release|x86.Build.0 = Release|Any CPU
		{318A344C-CF76-4BA1-A0C2-9D153B17F207}.Debug|Any CPU.ActiveCfg = Debug|Any CPU
		{318A344C-CF76-4BA1-A0C2-9D153B17F207}.Debug|Any CPU.Build.0 = Debug|Any CPU
		{318A344C-CF76-4BA1-A0C2-9D153B17F207}.Debug|x64.ActiveCfg = Debug|Any CPU
		{318A344C-CF76-4BA1-A0C2-9D153B17F207}.Debug|x64.Build.0 = Debug|Any CPU
		{318A344C-CF76-4BA1-A0C2-9D153B17F207}.Debug|x86.ActiveCfg = Debug|Any CPU
		{318A344C-CF76-4BA1-A0C2-9D153B17F207}.Debug|x86.Build.0 = Debug|Any CPU
		{318A344C-CF76-4BA1-A0C2-9D153B17F207}.Release|Any CPU.ActiveCfg = Release|Any CPU
		{318A344C-CF76-4BA1-A0C2-9D153B17F207}.Release|Any CPU.Build.0 = Release|Any CPU
		{318A344C-CF76-4BA1-A0C2-9D153B17F207}.Release|x64.ActiveCfg = Release|Any CPU
		{318A344C-CF76-4BA1-A0C2-9D153B17F207}.Release|x64.Build.0 = Release|Any CPU
		{318A344C-CF76-4BA1-A0C2-9D153B17F207}.Release|x86.ActiveCfg = Release|Any CPU
		{318A344C-CF76-4BA1-A0C2-9D153B17F207}.Release|x86.Build.0 = Release|Any CPU
		{F6FBD4C7-9CAA-47C8-AD06-A3B64A79CCBE}.Debug|Any CPU.ActiveCfg = Debug|Any CPU
		{F6FBD4C7-9CAA-47C8-AD06-A3B64A79CCBE}.Debug|Any CPU.Build.0 = Debug|Any CPU
		{F6FBD4C7-9CAA-47C8-AD06-A3B64A79CCBE}.Debug|x64.ActiveCfg = Debug|Any CPU
		{F6FBD4C7-9CAA-47C8-AD06-A3B64A79CCBE}.Debug|x64.Build.0 = Debug|Any CPU
		{F6FBD4C7-9CAA-47C8-AD06-A3B64A79CCBE}.Debug|x86.ActiveCfg = Debug|Any CPU
		{F6FBD4C7-9CAA-47C8-AD06-A3B64A79CCBE}.Debug|x86.Build.0 = Debug|Any CPU
		{F6FBD4C7-9CAA-47C8-AD06-A3B64A79CCBE}.Release|Any CPU.ActiveCfg = Release|Any CPU
		{F6FBD4C7-9CAA-47C8-AD06-A3B64A79CCBE}.Release|Any CPU.Build.0 = Release|Any CPU
		{F6FBD4C7-9CAA-47C8-AD06-A3B64A79CCBE}.Release|x64.ActiveCfg = Release|Any CPU
		{F6FBD4C7-9CAA-47C8-AD06-A3B64A79CCBE}.Release|x64.Build.0 = Release|Any CPU
		{F6FBD4C7-9CAA-47C8-AD06-A3B64A79CCBE}.Release|x86.ActiveCfg = Release|Any CPU
		{F6FBD4C7-9CAA-47C8-AD06-A3B64A79CCBE}.Release|x86.Build.0 = Release|Any CPU
		{67366096-C731-4E44-A9BA-891E3B15DA48}.Debug|Any CPU.ActiveCfg = Debug|Any CPU
		{67366096-C731-4E44-A9BA-891E3B15DA48}.Debug|Any CPU.Build.0 = Debug|Any CPU
		{67366096-C731-4E44-A9BA-891E3B15DA48}.Debug|x64.ActiveCfg = Debug|Any CPU
		{67366096-C731-4E44-A9BA-891E3B15DA48}.Debug|x64.Build.0 = Debug|Any CPU
		{67366096-C731-4E44-A9BA-891E3B15DA48}.Debug|x86.ActiveCfg = Debug|Any CPU
		{67366096-C731-4E44-A9BA-891E3B15DA48}.Debug|x86.Build.0 = Debug|Any CPU
		{67366096-C731-4E44-A9BA-891E3B15DA48}.Release|Any CPU.ActiveCfg = Release|Any CPU
		{67366096-C731-4E44-A9BA-891E3B15DA48}.Release|Any CPU.Build.0 = Release|Any CPU
		{67366096-C731-4E44-A9BA-891E3B15DA48}.Release|x64.ActiveCfg = Release|Any CPU
		{67366096-C731-4E44-A9BA-891E3B15DA48}.Release|x64.Build.0 = Release|Any CPU
		{67366096-C731-4E44-A9BA-891E3B15DA48}.Release|x86.ActiveCfg = Release|Any CPU
		{67366096-C731-4E44-A9BA-891E3B15DA48}.Release|x86.Build.0 = Release|Any CPU
	EndGlobalSection
	GlobalSection(SolutionProperties) = preSolution
		HideSolutionNode = FALSE
	EndGlobalSection
	GlobalSection(NestedProjects) = preSolution
		{A50E2FFC-DE3F-4747-BB04-1F36BCE65BFF} = {827E0CD3-B72D-47B6-A68D-7590B98EB39B}
		{93F027E6-E7D4-4A7B-8CF3-E246E0808CB3} = {827E0CD3-B72D-47B6-A68D-7590B98EB39B}
		{545DAD4F-A3FF-48C3-B925-F9741682C2DF} = {827E0CD3-B72D-47B6-A68D-7590B98EB39B}
		{0C652D54-7D76-44F0-A9A1-746205F6B44C} = {827E0CD3-B72D-47B6-A68D-7590B98EB39B}
		{0EEBCB16-54E3-4E4B-952A-0A71C34AE57A} = {827E0CD3-B72D-47B6-A68D-7590B98EB39B}
		{318A344C-CF76-4BA1-A0C2-9D153B17F207} = {0AB3BF05-4346-4AA6-1389-037BE0695223}
		{F6FBD4C7-9CAA-47C8-AD06-A3B64A79CCBE} = {0AB3BF05-4346-4AA6-1389-037BE0695223}
		{67366096-C731-4E44-A9BA-891E3B15DA48} = {0AB3BF05-4346-4AA6-1389-037BE0695223}
	EndGlobalSection
EndGlobal
